
Microsoft Visual Studio Solution File, Format Version 12.00
# Visual Studio 2013
VisualStudioVersion = 12.0.31101.0
MinimumVisualStudioVersion = 10.0.40219.1
Project("{FAE04EC0-301F-11D3-BF4B-00C04F79EFBC}") = "EntryPoint", "EntryPoint\EntryPoint.csproj", "{5CA8C581-2D76-43B0-9291-262F2B94C8F8}"
EndProject
Project("{FAE04EC0-301F-11D3-BF4B-00C04F79EFBC}") = "Demo1", "Demo1\Demo1.csproj", "{C5A3DCDE-978F-4FFD-A4CC-88A0D3186581}"
EndProject
Global
	GlobalSection(SolutionConfigurationPlatforms) = preSolution
		Debug|Any CPU = Debug|Any CPU
		Release|Any CPU = Release|Any CPU
	EndGlobalSection
	GlobalSection(ProjectConfigurationPlatforms) = postSolution
		{5CA8C581-2D76-43B0-9291-262F2B94C8F8}.Debug|Any CPU.ActiveCfg = Debug|Any CPU
		{5CA8C581-2D76-43B0-9291-262F2B94C8F8}.Debug|Any CPU.Build.0 = Debug|Any CPU
		{5CA8C581-2D76-43B0-9291-262F2B94C8F8}.Release|Any CPU.ActiveCfg = Release|Any CPU
		{5CA8C581-2D76-43B0-9291-262F2B94C8F8}.Release|Any CPU.Build.0 = Release|Any CPU
		{C5A3DCDE-978F-4FFD-A4CC-88A0D3186581}.Debug|Any CPU.ActiveCfg = Debug|Any CPU
		{C5A3DCDE-978F-4FFD-A4CC-88A0D3186581}.Debug|Any CPU.Build.0 = Debug|Any CPU
		{C5A3DCDE-978F-4FFD-A4CC-88A0D3186581}.Release|Any CPU.ActiveCfg = Release|Any CPU
		{C5A3DCDE-978F-4FFD-A4CC-88A0D3186581}.Release|Any CPU.Build.0 = Release|Any CPU
	EndGlobalSection
	GlobalSection(SolutionProperties) = preSolution
		HideSolutionNode = FALSE
	EndGlobalSection
EndGlobal
