
Microsoft Visual Studio Solution File, Format Version 12.00
# Visual Studio 2013
VisualStudioVersion = 12.0.31101.0
MinimumVisualStudioVersion = 10.0.40219.1
Project("{FAE04EC0-301F-11D3-BF4B-00C04F79EFBC}") = "EntryPoint", "EntryPoint\EntryPoint.csproj", "{5CA8C581-2D76-43B0-9291-262F2B94C8F8}"
EndProject
Project("{FAE04EC0-301F-11D3-BF4B-00C04F79EFBC}") = "Demo1", "Demo1\Demo1.csproj", "{C5A3DCDE-978F-4FFD-A4CC-88A0D3186581}"
EndProject
Project("{FAE04EC0-301F-11D3-BF4B-00C04F79EFBC}") = "Demo2", "Demo2\Demo2.csproj", "{7DE3848F-0798-4183-967F-AA2A16E272F3}"
EndProject
Project("{FAE04EC0-301F-11D3-BF4B-00C04F79EFBC}") = "SignalRChat", "SignalRChat\SignalRChat.csproj", "{BDACC89F-5A7C-4D46-8B1F-5523E98B9C5B}"
EndProject
Project("{FAE04EC0-301F-11D3-BF4B-00C04F79EFBC}") = "SignalRChatMVC", "SignalRChatMVC\SignalRChatMVC.csproj", "{E7E6BF15-6A90-43A8-99DF-CB45CE3B3E40}"
EndProject
Project("{FAE04EC0-301F-11D3-BF4B-00C04F79EFBC}") = "MoveShapeDemo", "MoveShapeDemo\MoveShapeDemo.csproj", "{AD6F8D41-DAA7-4423-B99F-3033372E229F}"
EndProject
Project("{FAE04EC0-301F-11D3-BF4B-00C04F79EFBC}") = "SignalR.StockTicker", "SignalR.StockTicker\SignalR.StockTicker.csproj", "{4F6E7F91-03B8-4AE1-9E5A-DA5B2DDA380E}"
EndProject
Project("{FAE04EC0-301F-11D3-BF4B-00C04F79EFBC}") = "SignalR.Sample", "SignalR.Sample\SignalR.Sample.csproj", "{85A1719F-4854-4352-8306-AD39AC0D1C94}"
EndProject
Global
	GlobalSection(SolutionConfigurationPlatforms) = preSolution
		Debug|Any CPU = Debug|Any CPU
		Release|Any CPU = Release|Any CPU
	EndGlobalSection
	GlobalSection(ProjectConfigurationPlatforms) = postSolution
		{5CA8C581-2D76-43B0-9291-262F2B94C8F8}.Debug|Any CPU.ActiveCfg = Debug|Any CPU
		{5CA8C581-2D76-43B0-9291-262F2B94C8F8}.Debug|Any CPU.Build.0 = Debug|Any CPU
		{5CA8C581-2D76-43B0-9291-262F2B94C8F8}.Release|Any CPU.ActiveCfg = Release|Any CPU
		{5CA8C581-2D76-43B0-9291-262F2B94C8F8}.Release|Any CPU.Build.0 = Release|Any CPU
		{C5A3DCDE-978F-4FFD-A4CC-88A0D3186581}.Debug|Any CPU.ActiveCfg = Debug|Any CPU
		{C5A3DCDE-978F-4FFD-A4CC-88A0D3186581}.Debug|Any CPU.Build.0 = Debug|Any CPU
		{C5A3DCDE-978F-4FFD-A4CC-88A0D3186581}.Release|Any CPU.ActiveCfg = Release|Any CPU
		{C5A3DCDE-978F-4FFD-A4CC-88A0D3186581}.Release|Any CPU.Build.0 = Release|Any CPU
		{7DE3848F-0798-4183-967F-AA2A16E272F3}.Debug|Any CPU.ActiveCfg = Debug|Any CPU
		{7DE3848F-0798-4183-967F-AA2A16E272F3}.Debug|Any CPU.Build.0 = Debug|Any CPU
		{7DE3848F-0798-4183-967F-AA2A16E272F3}.Release|Any CPU.ActiveCfg = Release|Any CPU
		{7DE3848F-0798-4183-967F-AA2A16E272F3}.Release|Any CPU.Build.0 = Release|Any CPU
		{BDACC89F-5A7C-4D46-8B1F-5523E98B9C5B}.Debug|Any CPU.ActiveCfg = Debug|Any CPU
		{BDACC89F-5A7C-4D46-8B1F-5523E98B9C5B}.Debug|Any CPU.Build.0 = Debug|Any CPU
		{BDACC89F-5A7C-4D46-8B1F-5523E98B9C5B}.Release|Any CPU.ActiveCfg = Release|Any CPU
		{BDACC89F-5A7C-4D46-8B1F-5523E98B9C5B}.Release|Any CPU.Build.0 = Release|Any CPU
		{E7E6BF15-6A90-43A8-99DF-CB45CE3B3E40}.Debug|Any CPU.ActiveCfg = Debug|Any CPU
		{E7E6BF15-6A90-43A8-99DF-CB45CE3B3E40}.Debug|Any CPU.Build.0 = Debug|Any CPU
		{E7E6BF15-6A90-43A8-99DF-CB45CE3B3E40}.Release|Any CPU.ActiveCfg = Release|Any CPU
		{E7E6BF15-6A90-43A8-99DF-CB45CE3B3E40}.Release|Any CPU.Build.0 = Release|Any CPU
		{AD6F8D41-DAA7-4423-B99F-3033372E229F}.Debug|Any CPU.ActiveCfg = Debug|Any CPU
		{AD6F8D41-DAA7-4423-B99F-3033372E229F}.Debug|Any CPU.Build.0 = Debug|Any CPU
		{AD6F8D41-DAA7-4423-B99F-3033372E229F}.Release|Any CPU.ActiveCfg = Release|Any CPU
		{AD6F8D41-DAA7-4423-B99F-3033372E229F}.Release|Any CPU.Build.0 = Release|Any CPU
		{4F6E7F91-03B8-4AE1-9E5A-DA5B2DDA380E}.Debug|Any CPU.ActiveCfg = Debug|Any CPU
		{4F6E7F91-03B8-4AE1-9E5A-DA5B2DDA380E}.Debug|Any CPU.Build.0 = Debug|Any CPU
		{4F6E7F91-03B8-4AE1-9E5A-DA5B2DDA380E}.Release|Any CPU.ActiveCfg = Release|Any CPU
		{4F6E7F91-03B8-4AE1-9E5A-DA5B2DDA380E}.Release|Any CPU.Build.0 = Release|Any CPU
		{85A1719F-4854-4352-8306-AD39AC0D1C94}.Debug|Any CPU.ActiveCfg = Debug|Any CPU
		{85A1719F-4854-4352-8306-AD39AC0D1C94}.Debug|Any CPU.Build.0 = Debug|Any CPU
		{85A1719F-4854-4352-8306-AD39AC0D1C94}.Release|Any CPU.ActiveCfg = Release|Any CPU
		{85A1719F-4854-4352-8306-AD39AC0D1C94}.Release|Any CPU.Build.0 = Release|Any CPU
	EndGlobalSection
	GlobalSection(SolutionProperties) = preSolution
		HideSolutionNode = FALSE
	EndGlobalSection
EndGlobal
